{
  "name": "cms",
  "lockfileVersion": 3,
  "requires": true,
  "packages": {
    "": {
      "dependencies": {
        "redirect": "^0.2.0"
      }
    },
    "node_modules/async": {
      "version": "0.2.9",
      "resolved": "https://registry.npmjs.org/async/-/async-0.2.9.tgz",
      "integrity": "sha512-OAtM6mexGteNKdU29wcUfRW+VuBr94A3hx9h9yzBnPaQAbKoW1ORd68XM4CCAOpdL5wlNFgO29hsY1TKv2vAKw=="
    },
    "node_modules/ini": {
      "version": "1.3.8",
      "resolved": "https://registry.npmjs.org/ini/-/ini-1.3.8.tgz",
      "integrity": "sha512-JV/yugV2uzW5iMRSiZAyDtQd+nxtUnjeLt0acNdw98kKLrvuRVyB80tsREOE7yvGVgalhZ6RNXCmEHkUKBKxew=="
    },
    "node_modules/minimist": {
      "version": "0.0.10",
      "resolved": "https://registry.npmjs.org/minimist/-/minimist-0.0.10.tgz",
      "integrity": "sha512-iotkTvxc+TwOm5Ieim8VnSNvCDjCK9S8G3scJ50ZthspSxa7jx50jkhYduuAtAjvfDUwSgOwf8+If99AlOEhyw=="
    },
    "node_modules/nconf": {
      "version": "0.6.9",
      "resolved": "https://registry.npmjs.org/nconf/-/nconf-0.6.9.tgz",
      "integrity": "sha512-MHiYHIc2igQsoI1v0IcVE4MVaV/+yIQtduOwUcQNoLd+pPgoKblWKbgU3itkhC0az5w2VMdQlQuAO+oi4qxtJg==",
      "dependencies": {
        "async": "0.2.9",
        "ini": "1.x.x",
        "optimist": "0.6.0"
      },
      "engines": {
        "node": ">= 0.4.0"
      }
    },
    "node_modules/optimist": {
      "version": "0.6.0",
      "resolved": "https://registry.npmjs.org/optimist/-/optimist-0.6.0.tgz",
      "integrity": "sha512-ubrZPyOU0AHpXkmwqfWolap+eHMwQ484AKivkf0ZGyysd6fUJZl7ow9iu5UNV1vCZv46HQ7EM83IC3NGJ820hg==",
      "dependencies": {
        "minimist": "~0.0.1",
        "wordwrap": "~0.0.2"
      }
    },
    "node_modules/redirect": {
      "version": "0.2.0",
      "resolved": "https://registry.npmjs.org/redirect/-/redirect-0.2.0.tgz",
      "integrity": "sha512-4Xkge9VadBZdBKb8jMlOg4ocHuZqiDOIxWUJ+CIJQx81sdBYLzN5SB7n10D2WzVD3cFQgno8NtTtDTxXorR4sQ==",
      "dependencies": {
        "nconf": "0.6.x"
      },
      "engines": {
        "node": ">=0.6"
      }
    },
    "node_modules/wordwrap": {
      "version": "0.0.3",
      "resolved": "https://registry.npmjs.org/wordwrap/-/wordwrap-0.0.3.tgz",
      "integrity": "sha512-1tMA907+V4QmxV7dbRvb4/8MaRALK6q9Abid3ndMYnbyo8piisCmeONVqVSXqQA3KaP4SLt5b7ud6E2sqP8TFw==",
      "engines": {
        "node": ">=0.4.0"
      }
    }
  }
}
